
Microsoft Visual Studio Solution File, Format Version 12.00
# Visual Studio Version 16
VisualStudioVersion = 16.0.32929.386
MinimumVisualStudioVersion = 10.0.40219.1
Project("{FAE04EC0-301F-11D3-BF4B-00C04F79EFBC}") = "SpoonsWorld", "SpoonsWorld.csproj", "{3968BBFF-53B9-4666-B6B1-DFD14E46914C}"
EndProject
Global
	GlobalSection(SolutionConfigurationPlatforms) = preSolution
		Debug|Any CPU = Debug|Any CPU
		Release|Any CPU = Release|Any CPU
	EndGlobalSection
	GlobalSection(ProjectConfigurationPlatforms) = postSolution
		{3968BBFF-53B9-4666-B6B1-DFD14E46914C}.Debug|Any CPU.ActiveCfg = Debug|Any CPU
		{3968BBFF-53B9-4666-B6B1-DFD14E46914C}.Debug|Any CPU.Build.0 = Debug|Any CPU
		{3968BBFF-53B9-4666-B6B1-DFD14E46914C}.Release|Any CPU.ActiveCfg = Release|Any CPU
		{3968BBFF-53B9-4666-B6B1-DFD14E46914C}.Release|Any CPU.Build.0 = Release|Any CPU
	EndGlobalSection
	GlobalSection(SolutionProperties) = preSolution
		HideSolutionNode = FALSE
	EndGlobalSection
	GlobalSection(ExtensibilityGlobals) = postSolution
		SolutionGuid = {C5AE79A6-26F5-49C5-9B32-B02BA9FA076E}
	EndGlobalSection
EndGlobal
